
Microsoft Visual Studio Solution File, Format Version 12.00
# Visual Studio Version 16
VisualStudioVersion = 16.0.29728.190
MinimumVisualStudioVersion = 10.0.40219.1
Project("{FAE04EC0-301F-11D3-BF4B-00C04F79EFBC}") = "TestProj", "TestProj\TestProj.csproj", "{B061D7FF-F33F-42B4-BAAB-62A872B7903B}"
EndProject
Global
	GlobalSection(SolutionConfigurationPlatforms) = preSolution
		Debug|Any CPU = Debug|Any CPU
		Release|Any CPU = Release|Any CPU
	EndGlobalSection
	GlobalSection(ProjectConfigurationPlatforms) = postSolution
		{B061D7FF-F33F-42B4-BAAB-62A872B7903B}.Debug|Any CPU.ActiveCfg = Debug|Any CPU
		{B061D7FF-F33F-42B4-BAAB-62A872B7903B}.Debug|Any CPU.Build.0 = Debug|Any CPU
		{B061D7FF-F33F-42B4-BAAB-62A872B7903B}.Release|Any CPU.ActiveCfg = Release|Any CPU
		{B061D7FF-F33F-42B4-BAAB-62A872B7903B}.Release|Any CPU.Build.0 = Release|Any CPU
	EndGlobalSection
	GlobalSection(SolutionProperties) = preSolution
		HideSolutionNode = FALSE
	EndGlobalSection
	GlobalSection(ExtensibilityGlobals) = postSolution
		SolutionGuid = {2D07F271-37F4-4AB0-80EB-E396202F3D84}
	EndGlobalSection
EndGlobal
